
Microsoft Visual Studio Solution File, Format Version 11.00
# Visual Studio 2010
Project("{FAE04EC0-301F-11D3-BF4B-00C04F79EFBC}") = "Assembly-CSharp", "Assembly-CSharp.csproj", "{1af7a3d3-96a3-e88d-a826-e291614f7bd6}"
EndProject
Project("{FAE04EC0-301F-11D3-BF4B-00C04F79EFBC}") = "Assembly-CSharp-Editor", "Assembly-CSharp-Editor.csproj", "{8f64ab72-56a2-7cc3-e2c2-556f257cf587}"
EndProject
Global
	GlobalSection(SolutionConfigurationPlatforms) = preSolution
		Debug|Any CPU = Debug|Any CPU
	EndGlobalSection
	GlobalSection(ProjectConfigurationPlatforms) = postSolution
		{1af7a3d3-96a3-e88d-a826-e291614f7bd6}.Debug|Any CPU.ActiveCfg = Debug|Any CPU
		{1af7a3d3-96a3-e88d-a826-e291614f7bd6}.Debug|Any CPU.Build.0 = Debug|Any CPU
		{8f64ab72-56a2-7cc3-e2c2-556f257cf587}.Debug|Any CPU.ActiveCfg = Debug|Any CPU
		{8f64ab72-56a2-7cc3-e2c2-556f257cf587}.Debug|Any CPU.Build.0 = Debug|Any CPU
	EndGlobalSection
	GlobalSection(SolutionProperties) = preSolution
		HideSolutionNode = FALSE
	EndGlobalSection
EndGlobal
